// !$*UTF8*$!
{
	archiveVersion = 1;
	classes = {
	};
	objectVersion = 56;
	objects = {

/* Begin PBXBuildFile section */
		1D89B5412A7251A7008E0701 /* AppDelegate.swift in Sources */ = {isa = PBXBuildFile; fileRef = 1D89B5402A7251A7008E0701 /* AppDelegate.swift */; };
		1D89B5432A7251A7008E0701 /* SceneDelegate.swift in Sources */ = {isa = PBXBuildFile; fileRef = 1D89B5422A7251A7008E0701 /* SceneDelegate.swift */; };
		1D89B5452A7251A7008E0701 /* ViewController.swift in Sources */ = {isa = PBXBuildFile; fileRef = 1D89B5442A7251A7008E0701 /* ViewController.swift */; };
		1D89B5482A7251A7008E0701 /* Main.storyboard in Resources */ = {isa = PBXBuildFile; fileRef = 1D89B5462A7251A7008E0701 /* Main.storyboard */; };
		1D89B54A2A7251A8008E0701 /* Assets.xcassets in Resources */ = {isa = PBXBuildFile; fileRef = 1D89B5492A7251A8008E0701 /* Assets.xcassets */; };
		1D89B54D2A7251A8008E0701 /* LaunchScreen.storyboard in Resources */ = {isa = PBXBuildFile; fileRef = 1D89B54B2A7251A8008E0701 /* LaunchScreen.storyboard */; };
		1D89B5582A7251A8008E0701 /* ToDoListTests.swift in Sources */ = {isa = PBXBuildFile; fileRef = 1D89B5572A7251A8008E0701 /* ToDoListTests.swift */; };
		1D89B5622A7251A8008E0701 /* ToDoListUITests.swift in Sources */ = {isa = PBXBuildFile; fileRef = 1D89B5612A7251A8008E0701 /* ToDoListUITests.swift */; };
		1D89B5642A7251A8008E0701 /* ToDoListUITestsLaunchTests.swift in Sources */ = {isa = PBXBuildFile; fileRef = 1D89B5632A7251A8008E0701 /* ToDoListUITestsLaunchTests.swift */; };
		1D89B5712A725677008E0701 /* TableViewController.swift in Sources */ = {isa = PBXBuildFile; fileRef = 1D89B5702A725677008E0701 /* TableViewController.swift */; };
		1D89B5732A7260DB008E0701 /* TaskItem.swift in Sources */ = {isa = PBXBuildFile; fileRef = 1D89B5722A7260DB008E0701 /* TaskItem.swift */; };
/* End PBXBuildFile section */

/* Begin PBXContainerItemProxy section */
		1D89B5542A7251A8008E0701 /* PBXContainerItemProxy */ = {
			isa = PBXContainerItemProxy;
			containerPortal = 1D89B5352A7251A6008E0701 /* Project object */;
			proxyType = 1;
			remoteGlobalIDString = 1D89B53C2A7251A6008E0701;
			remoteInfo = ToDoList;
		};
		1D89B55E2A7251A8008E0701 /* PBXContainerItemProxy */ = {
			isa = PBXContainerItemProxy;
			containerPortal = 1D89B5352A7251A6008E0701 /* Project object */;
			proxyType = 1;
			remoteGlobalIDString = 1D89B53C2A7251A6008E0701;
			remoteInfo = ToDoList;
		};
/* End PBXContainerItemProxy section */

/* Begin PBXFileReference section */
		1D89B53D2A7251A6008E0701 /* ToDoList.app */ = {isa = PBXFileReference; explicitFileType = wrapper.application; includeInIndex = 0; path = ToDoList.app; sourceTree = BUILT_PRODUCTS_DIR; };
		1D89B5402A7251A7008E0701 /* AppDelegate.swift */ = {isa = PBXFileReference; lastKnownFileType = sourcecode.swift; path = AppDelegate.swift; sourceTree = "<group>"; };
		1D89B5422A7251A7008E0701 /* SceneDelegate.swift */ = {isa = PBXFileReference; lastKnownFileType = sourcecode.swift; path = SceneDelegate.swift; sourceTree = "<group>"; };
		1D89B5442A7251A7008E0701 /* ViewController.swift */ = {isa = PBXFileReference; lastKnownFileType = sourcecode.swift; path = ViewController.swift; sourceTree = "<group>"; };
		1D89B5472A7251A7008E0701 /* Base */ = {isa = PBXFileReference; lastKnownFileType = file.storyboard; name = Base; path = Base.lproj/Main.storyboard; sourceTree = "<group>"; };
		1D89B5492A7251A8008E0701 /* Assets.xcassets */ = {isa = PBXFileReference; lastKnownFileType = folder.assetcatalog; path = Assets.xcassets; sourceTree = "<group>"; };
		1D89B54C2A7251A8008E0701 /* Base */ = {isa = PBXFileReference; lastKnownFileType = file.storyboard; name = Base; path = Base.lproj/LaunchScreen.storyboard; sourceTree = "<group>"; };
		1D89B54E2A7251A8008E0701 /* Info.plist */ = {isa = PBXFileReference; lastKnownFileType = text.plist.xml; path = Info.plist; sourceTree = "<group>"; };
		1D89B5532A7251A8008E0701 /* ToDoListTests.xctest */ = {isa = PBXFileReference; explicitFileType = wrapper.cfbundle; includeInIndex = 0; path = ToDoListTests.xctest; sourceTree = BUILT_PRODUCTS_DIR; };
		1D89B5572A7251A8008E0701 /* ToDoListTests.swift */ = {isa = PBXFileReference; lastKnownFileType = sourcecode.swift; path = ToDoListTests.swift; sourceTree = "<group>"; };
		1D89B55D2A7251A8008E0701 /* ToDoListUITests.xctest */ = {isa = PBXFileReference; explicitFileType = wrapper.cfbundle; includeInIndex = 0; path = ToDoListUITests.xctest; sourceTree = BUILT_PRODUCTS_DIR; };
		1D89B5612A7251A8008E0701 /* ToDoListUITests.swift */ = {isa = PBXFileReference; lastKnownFileType = sourcecode.swift; path = ToDoListUITests.swift; sourceTree = "<group>"; };
		1D89B5632A7251A8008E0701 /* ToDoListUITestsLaunchTests.swift */ = {isa = PBXFileReference; lastKnownFileType = sourcecode.swift; path = ToDoListUITestsLaunchTests.swift; sourceTree = "<group>"; };
		1D89B5702A725677008E0701 /* TableViewController.swift */ = {isa = PBXFileReference; lastKnownFileType = sourcecode.swift; path = TableViewController.swift; sourceTree = "<group>"; };
		1D89B5722A7260DB008E0701 /* TaskItem.swift */ = {isa = PBXFileReference; lastKnownFileType = sourcecode.swift; path = TaskItem.swift; sourceTree = "<group>"; };
/* End PBXFileReference section */

/* Begin PBXFrameworksBuildPhase section */
		1D89B53A2A7251A6008E0701 /* Frameworks */ = {
			isa = PBXFrameworksBuildPhase;
			buildActionMask = 2147483647;
			files = (
			);
			runOnlyForDeploymentPostprocessing = 0;
		};
		1D89B5502A7251A8008E0701 /* Frameworks */ = {
			isa = PBXFrameworksBuildPhase;
			buildActionMask = 2147483647;
			files = (
			);
			runOnlyForDeploymentPostprocessing = 0;
		};
		1D89B55A2A7251A8008E0701 /* Frameworks */ = {
			isa = PBXFrameworksBuildPhase;
			buildActionMask = 2147483647;
			files = (
			);
			runOnlyForDeploymentPostprocessing = 0;
		};
/* End PBXFrameworksBuildPhase section */

/* Begin PBXGroup section */
		1D89B5342A7251A6008E0701 = {
			isa = PBXGroup;
			children = (
				1D89B53F2A7251A6008E0701 /* ToDoList */,
				1D89B5562A7251A8008E0701 /* ToDoListTests */,
				1D89B5602A7251A8008E0701 /* ToDoListUITests */,
				1D89B53E2A7251A6008E0701 /* Products */,
			);
			sourceTree = "<group>";
		};
		1D89B53E2A7251A6008E0701 /* Products */ = {
			isa = PBXGroup;
			children = (
				1D89B53D2A7251A6008E0701 /* ToDoList.app */,
				1D89B5532A7251A8008E0701 /* ToDoListTests.xctest */,
				1D89B55D2A7251A8008E0701 /* ToDoListUITests.xctest */,
			);
			name = Products;
			sourceTree = "<group>";
		};
		1D89B53F2A7251A6008E0701 /* ToDoList */ = {
			isa = PBXGroup;
			children = (
				1D89B5402A7251A7008E0701 /* AppDelegate.swift */,
				1D89B5422A7251A7008E0701 /* SceneDelegate.swift */,
				1D89B5442A7251A7008E0701 /* ViewController.swift */,
				1D89B5702A725677008E0701 /* TableViewController.swift */,
				1D89B5722A7260DB008E0701 /* TaskItem.swift */,
				1D89B5462A7251A7008E0701 /* Main.storyboard */,
				1D89B5492A7251A8008E0701 /* Assets.xcassets */,
				1D89B54B2A7251A8008E0701 /* LaunchScreen.storyboard */,
				1D89B54E2A7251A8008E0701 /* Info.plist */,
			);
			path = ToDoList;
			sourceTree = "<group>";
		};
		1D89B5562A7251A8008E0701 /* ToDoListTests */ = {
			isa = PBXGroup;
			children = (
				1D89B5572A7251A8008E0701 /* ToDoListTests.swift */,
			);
			path = ToDoListTests;
			sourceTree = "<group>";
		};
		1D89B5602A7251A8008E0701 /* ToDoListUITests */ = {
			isa = PBXGroup;
			children = (
				1D89B5612A7251A8008E0701 /* ToDoListUITests.swift */,
				1D89B5632A7251A8008E0701 /* ToDoListUITestsLaunchTests.swift */,
			);
			path = ToDoListUITests;
			sourceTree = "<group>";
		};
/* End PBXGroup section */

/* Begin PBXNativeTarget section */
		1D89B53C2A7251A6008E0701 /* ToDoList */ = {
			isa = PBXNativeTarget;
			buildConfigurationList = 1D89B5672A7251A8008E0701 /* Build configuration list for PBXNativeTarget "ToDoList" */;
			buildPhases = (
				1D89B5392A7251A6008E0701 /* Sources */,
				1D89B53A2A7251A6008E0701 /* Frameworks */,
				1D89B53B2A7251A6008E0701 /* Resources */,
			);
			buildRules = (
			);
			dependencies = (
			);
			name = ToDoList;
			productName = ToDoList;
			productReference = 1D89B53D2A7251A6008E0701 /* ToDoList.app */;
			productType = "com.apple.product-type.application";
		};
		1D89B5522A7251A8008E0701 /* ToDoListTests */ = {
			isa = PBXNativeTarget;
			buildConfigurationList = 1D89B56A2A7251A8008E0701 /* Build configuration list for PBXNativeTarget "ToDoListTests" */;
			buildPhases = (
				1D89B54F2A7251A8008E0701 /* Sources */,
				1D89B5502A7251A8008E0701 /* Frameworks */,
				1D89B5512A7251A8008E0701 /* Resources */,
			);
			buildRules = (
			);
			dependencies = (
				1D89B5552A7251A8008E0701 /* PBXTargetDependency */,
			);
			name = ToDoListTests;
			productName = ToDoListTests;
			productReference = 1D89B5532A7251A8008E0701 /* ToDoListTests.xctest */;
			productType = "com.apple.product-type.bundle.unit-test";
		};
		1D89B55C2A7251A8008E0701 /* ToDoListUITests */ = {
			isa = PBXNativeTarget;
			buildConfigurationList = 1D89B56D2A7251A8008E0701 /* Build configuration list for PBXNativeTarget "ToDoListUITests" */;
			buildPhases = (
				1D89B5592A7251A8008E0701 /* Sources */,
				1D89B55A2A7251A8008E0701 /* Frameworks */,
				1D89B55B2A7251A8008E0701 /* Resources */,
			);
			buildRules = (
			);
			dependencies = (
				1D89B55F2A7251A8008E0701 /* PBXTargetDependency */,
			);
			name = ToDoListUITests;
			productName = ToDoListUITests;
			productReference = 1D89B55D2A7251A8008E0701 /* ToDoListUITests.xctest */;
			productType = "com.apple.product-type.bundle.ui-testing";
		};
/* End PBXNativeTarget section */

/* Begin PBXProject section */
		1D89B5352A7251A6008E0701 /* Project object */ = {
			isa = PBXProject;
			attributes = {
				BuildIndependentTargetsInParallel = 1;
				LastSwiftUpdateCheck = 1430;
				LastUpgradeCheck = 1430;
				TargetAttributes = {
					1D89B53C2A7251A6008E0701 = {
						CreatedOnToolsVersion = 14.3.1;
					};
					1D89B5522A7251A8008E0701 = {
						CreatedOnToolsVersion = 14.3.1;
						TestTargetID = 1D89B53C2A7251A6008E0701;
					};
					1D89B55C2A7251A8008E0701 = {
						CreatedOnToolsVersion = 14.3.1;
						TestTargetID = 1D89B53C2A7251A6008E0701;
					};
				};
			};
			buildConfigurationList = 1D89B5382A7251A6008E0701 /* Build configuration list for PBXProject "ToDoList" */;
			compatibilityVersion = "Xcode 14.0";
			developmentRegion = en;
			hasScannedForEncodings = 0;
			knownRegions = (
				en,
				Base,
			);
			mainGroup = 1D89B5342A7251A6008E0701;
			productRefGroup = 1D89B53E2A7251A6008E0701 /* Products */;
			projectDirPath = "";
			projectRoot = "";
			targets = (
				1D89B53C2A7251A6008E0701 /* ToDoList */,
				1D89B5522A7251A8008E0701 /* ToDoListTests */,
				1D89B55C2A7251A8008E0701 /* ToDoListUITests */,
			);
		};
/* End PBXProject section */

/* Begin PBXResourcesBuildPhase section */
		1D89B53B2A7251A6008E0701 /* Resources */ = {
			isa = PBXResourcesBuildPhase;
			buildActionMask = 2147483647;
			files = (
				1D89B54D2A7251A8008E0701 /* LaunchScreen.storyboard in Resources */,
				1D89B54A2A7251A8008E0701 /* Assets.xcassets in Resources */,
				1D89B5482A7251A7008E0701 /* Main.storyboard in Resources */,
			);
			runOnlyForDeploymentPostprocessing = 0;
		};
		1D89B5512A7251A8008E0701 /* Resources */ = {
			isa = PBXResourcesBuildPhase;
			buildActionMask = 2147483647;
			files = (
			);
			runOnlyForDeploymentPostprocessing = 0;
		};
		1D89B55B2A7251A8008E0701 /* Resources */ = {
			isa = PBXResourcesBuildPhase;
			buildActionMask = 2147483647;
			files = (
			);
			runOnlyForDeploymentPostprocessing = 0;
		};
/* End PBXResourcesBuildPhase section */

/* Begin PBXSourcesBuildPhase section */
		1D89B5392A7251A6008E0701 /* Sources */ = {
			isa = PBXSourcesBuildPhase;
			buildActionMask = 2147483647;
			files = (
				1D89B5452A7251A7008E0701 /* ViewController.swift in Sources */,
				1D89B5732A7260DB008E0701 /* TaskItem.swift in Sources */,
				1D89B5412A7251A7008E0701 /* AppDelegate.swift in Sources */,
				1D89B5432A7251A7008E0701 /* SceneDelegate.swift in Sources */,
				1D89B5712A725677008E0701 /* TableViewController.swift in Sources */,
			);
			runOnlyForDeploymentPostprocessing = 0;
		};
		1D89B54F2A7251A8008E0701 /* Sources */ = {
			isa = PBXSourcesBuildPhase;
			buildActionMask = 2147483647;
			files = (
				1D89B5582A7251A8008E0701 /* ToDoListTests.swift in Sources */,
			);
			runOnlyForDeploymentPostprocessing = 0;
		};
		1D89B5592A7251A8008E0701 /* Sources */ = {
			isa = PBXSourcesBuildPhase;
			buildActionMask = 2147483647;
			files = (
				1D89B5642A7251A8008E0701 /* ToDoListUITestsLaunchTests.swift in Sources */,
				1D89B5622A7251A8008E0701 /* ToDoListUITests.swift in Sources */,
			);
			runOnlyForDeploymentPostprocessing = 0;
		};
/* End PBXSourcesBuildPhase section */

/* Begin PBXTargetDependency section */
		1D89B5552A7251A8008E0701 /* PBXTargetDependency */ = {
			isa = PBXTargetDependency;
			target = 1D89B53C2A7251A6008E0701 /* ToDoList */;
			targetProxy = 1D89B5542A7251A8008E0701 /* PBXContainerItemProxy */;
		};
		1D89B55F2A7251A8008E0701 /* PBXTargetDependency */ = {
			isa = PBXTargetDependency;
			target = 1D89B53C2A7251A6008E0701 /* ToDoList */;
			targetProxy = 1D89B55E2A7251A8008E0701 /* PBXContainerItemProxy */;
		};
/* End PBXTargetDependency section */

/* Begin PBXVariantGroup section */
		1D89B5462A7251A7008E0701 /* Main.storyboard */ = {
			isa = PBXVariantGroup;
			children = (
				1D89B5472A7251A7008E0701 /* Base */,
			);
			name = Main.storyboard;
			sourceTree = "<group>";
		};
		1D89B54B2A7251A8008E0701 /* LaunchScreen.storyboard */ = {
			isa = PBXVariantGroup;
			children = (
				1D89B54C2A7251A8008E0701 /* Base */,
			);
			name = LaunchScreen.storyboard;
			sourceTree = "<group>";
		};
/* End PBXVariantGroup section */

/* Begin XCBuildConfiguration section */
		1D89B5652A7251A8008E0701 /* Debug */ = {
			isa = XCBuildConfiguration;
			buildSettings = {
				ALWAYS_SEARCH_USER_PATHS = NO;
				CLANG_ANALYZER_NONNULL = YES;
				CLANG_ANALYZER_NUMBER_OBJECT_CONVERSION = YES_AGGRESSIVE;
				CLANG_CXX_LANGUAGE_STANDARD = "gnu++20";
				CLANG_ENABLE_MODULES = YES;
				CLANG_ENABLE_OBJC_ARC = YES;
				CLANG_ENABLE_OBJC_WEAK = YES;
				CLANG_WARN_BLOCK_CAPTURE_AUTORELEASING = YES;
				CLANG_WARN_BOOL_CONVERSION = YES;
				CLANG_WARN_COMMA = YES;
				CLANG_WARN_CONSTANT_CONVERSION = YES;
				CLANG_WARN_DEPRECATED_OBJC_IMPLEMENTATIONS = YES;
				CLANG_WARN_DIRECT_OBJC_ISA_USAGE = YES_ERROR;
				CLANG_WARN_DOCUMENTATION_COMMENTS = YES;
				CLANG_WARN_EMPTY_BODY = YES;
				CLANG_WARN_ENUM_CONVERSION = YES;
				CLANG_WARN_INFINITE_RECURSION = YES;
				CLANG_WARN_INT_CONVERSION = YES;
				CLANG_WARN_NON_LITERAL_NULL_CONVERSION = YES;
				CLANG_WARN_OBJC_IMPLICIT_RETAIN_SELF = YES;
				CLANG_WARN_OBJC_LITERAL_CONVERSION = YES;
				CLANG_WARN_OBJC_ROOT_CLASS = YES_ERROR;
				CLANG_WARN_QUOTED_INCLUDE_IN_FRAMEWORK_HEADER = YES;
				CLANG_WARN_RANGE_LOOP_ANALYSIS = YES;
				CLANG_WARN_STRICT_PROTOTYPES = YES;
				CLANG_WARN_SUSPICIOUS_MOVE = YES;
				CLANG_WARN_UNGUARDED_AVAILABILITY = YES_AGGRESSIVE;
				CLANG_WARN_UNREACHABLE_CODE = YES;
				CLANG_WARN__DUPLICATE_METHOD_MATCH = YES;
				COPY_PHASE_STRIP = NO;
				DEBUG_INFORMATION_FORMAT = dwarf;
				ENABLE_STRICT_OBJC_MSGSEND = YES;
				ENABLE_TESTABILITY = YES;
				GCC_C_LANGUAGE_STANDARD = gnu11;
				GCC_DYNAMIC_NO_PIC = NO;
				GCC_NO_COMMON_BLOCKS = YES;
				GCC_OPTIMIZATION_LEVEL = 0;
				GCC_PREPROCESSOR_DEFINITIONS = (
					"DEBUG=1",
					"$(inherited)",
				);
				GCC_WARN_64_TO_32_BIT_CONVERSION = YES;
				GCC_WARN_ABOUT_RETURN_TYPE = YES_ERROR;
				GCC_WARN_UNDECLARED_SELECTOR = YES;
				GCC_WARN_UNINITIALIZED_AUTOS = YES_AGGRESSIVE;
				GCC_WARN_UNUSED_FUNCTION = YES;
				GCC_WARN_UNUSED_VARIABLE = YES;
				IPHONEOS_DEPLOYMENT_TARGET = 16.4;
				MTL_ENABLE_DEBUG_INFO = INCLUDE_SOURCE;
				MTL_FAST_MATH = YES;
				ONLY_ACTIVE_ARCH = YES;
				SDKROOT = iphoneos;
				SWIFT_ACTIVE_COMPILATION_CONDITIONS = DEBUG;
				SWIFT_OPTIMIZATION_LEVEL = "-Onone";
			};
			name = Debug;
		};
		1D89B5662A7251A8008E0701 /* Release */ = {
			isa = XCBuildConfiguration;
			buildSettings = {
				ALWAYS_SEARCH_USER_PATHS = NO;
				CLANG_ANALYZER_NONNULL = YES;
				CLANG_ANALYZER_NUMBER_OBJECT_CONVERSION = YES_AGGRESSIVE;
				CLANG_CXX_LANGUAGE_STANDARD = "gnu++20";
				CLANG_ENABLE_MODULES = YES;
				CLANG_ENABLE_OBJC_ARC = YES;
				CLANG_ENABLE_OBJC_WEAK = YES;
				CLANG_WARN_BLOCK_CAPTURE_AUTORELEASING = YES;
				CLANG_WARN_BOOL_CONVERSION = YES;
				CLANG_WARN_COMMA = YES;
				CLANG_WARN_CONSTANT_CONVERSION = YES;
				CLANG_WARN_DEPRECATED_OBJC_IMPLEMENTATIONS = YES;
				CLANG_WARN_DIRECT_OBJC_ISA_USAGE = YES_ERROR;
				CLANG_WARN_DOCUMENTATION_COMMENTS = YES;
				CLANG_WARN_EMPTY_BODY = YES;
				CLANG_WARN_ENUM_CONVERSION = YES;
				CLANG_WARN_INFINITE_RECURSION = YES;
				CLANG_WARN_INT_CONVERSION = YES;
				CLANG_WARN_NON_LITERAL_NULL_CONVERSION = YES;
				CLANG_WARN_OBJC_IMPLICIT_RETAIN_SELF = YES;
				CLANG_WARN_OBJC_LITERAL_CONVERSION = YES;
				CLANG_WARN_OBJC_ROOT_CLASS = YES_ERROR;
				CLANG_WARN_QUOTED_INCLUDE_IN_FRAMEWORK_HEADER = YES;
				CLANG_WARN_RANGE_LOOP_ANALYSIS = YES;
				CLANG_WARN_STRICT_PROTOTYPES = YES;
				CLANG_WARN_SUSPICIOUS_MOVE = YES;
				CLANG_WARN_UNGUARDED_AVAILABILITY = YES_AGGRESSIVE;
				CLANG_WARN_UNREACHABLE_CODE = YES;
				CLANG_WARN__DUPLICATE_METHOD_MATCH = YES;
				COPY_PHASE_STRIP = NO;
				DEBUG_INFORMATION_FORMAT = "dwarf-with-dsym";
				ENABLE_NS_ASSERTIONS = NO;
				ENABLE_STRICT_OBJC_MSGSEND = YES;
				GCC_C_LANGUAGE_STANDARD = gnu11;
				GCC_NO_COMMON_BLOCKS = YES;
				GCC_WARN_64_TO_32_BIT_CONVERSION = YES;
				GCC_WARN_ABOUT_RETURN_TYPE = YES_ERROR;
				GCC_WARN_UNDECLARED_SELECTOR = YES;
				GCC_WARN_UNINITIALIZED_AUTOS = YES_AGGRESSIVE;
				GCC_WARN_UNUSED_FUNCTION = YES;
				GCC_WARN_UNUSED_VARIABLE = YES;
				IPHONEOS_DEPLOYMENT_TARGET = 16.4;
				MTL_ENABLE_DEBUG_INFO = NO;
				MTL_FAST_MATH = YES;
				SDKROOT = iphoneos;
				SWIFT_COMPILATION_MODE = wholemodule;
				SWIFT_OPTIMIZATION_LEVEL = "-O";
				VALIDATE_PRODUCT = YES;
			};
			name = Release;
		};
		1D89B5682A7251A8008E0701 /* Debug */ = {
			isa = XCBuildConfiguration;
			buildSettings = {
				ASSETCATALOG_COMPILER_APPICON_NAME = AppIcon;
				ASSETCATALOG_COMPILER_GLOBAL_ACCENT_COLOR_NAME = AccentColor;
				CODE_SIGN_STYLE = Automatic;
				CURRENT_PROJECT_VERSION = 1;
				GENERATE_INFOPLIST_FILE = YES;
				INFOPLIST_FILE = ToDoList/Info.plist;
				INFOPLIST_KEY_UIApplicationSupportsIndirectInputEvents = YES;
				INFOPLIST_KEY_UILaunchStoryboardName = LaunchScreen;
				INFOPLIST_KEY_UIMainStoryboardFile = Main;
				INFOPLIST_KEY_UISupportedInterfaceOrientations_iPad = "UIInterfaceOrientationPortrait UIInterfaceOrientationPortraitUpsideDown UIInterfaceOrientationLandscapeLeft UIInterfaceOrientationLandscapeRight";
				INFOPLIST_KEY_UISupportedInterfaceOrientations_iPhone = "UIInterfaceOrientationPortrait UIInterfaceOrientationLandscapeLeft UIInterfaceOrientationLandscapeRight";
				LD_RUNPATH_SEARCH_PATHS = (
					"$(inherited)",
					"@executable_path/Frameworks",
				);
				MARKETING_VERSION = 1.0;
				PRODUCT_BUNDLE_IDENTIFIER = com.Lazzat.ToDoList;
				PRODUCT_NAME = "$(TARGET_NAME)";
				SUPPORTED_PLATFORMS = "iphoneos iphonesimulator";
				SUPPORTS_MACCATALYST = NO;
				SUPPORTS_MAC_DESIGNED_FOR_IPHONE_IPAD = NO;
				SWIFT_EMIT_LOC_STRINGS = YES;
				SWIFT_VERSION = 5.0;
				TARGETED_DEVICE_FAMILY = "1,2";
			};
			name = Debug;
		};
		1D89B5692A7251A8008E0701 /* Release */ = {
			isa = XCBuildConfiguration;
			buildSettings = {
				ASSETCATALOG_COMPILER_APPICON_NAME = AppIcon;
				ASSETCATALOG_COMPILER_GLOBAL_ACCENT_COLOR_NAME = AccentColor;
				CODE_SIGN_STYLE = Automatic;
				CURRENT_PROJECT_VERSION = 1;
				GENERATE_INFOPLIST_FILE = YES;
				INFOPLIST_FILE = ToDoList/Info.plist;
				INFOPLIST_KEY_UIApplicationSupportsIndirectInputEvents = YES;
				INFOPLIST_KEY_UILaunchStoryboardName = LaunchScreen;
				INFOPLIST_KEY_UIMainStoryboardFile = Main;
				INFOPLIST_KEY_UISupportedInterfaceOrientations_iPad = "UIInterfaceOrientationPortrait UIInterfaceOrientationPortraitUpsideDown UIInterfaceOrientationLandscapeLeft UIInterfaceOrientationLandscapeRight";
				INFOPLIST_KEY_UISupportedInterfaceOrientations_iPhone = "UIInterfaceOrientationPortrait UIInterfaceOrientationLandscapeLeft UIInterfaceOrientationLandscapeRight";
				LD_RUNPATH_SEARCH_PATHS = (
					"$(inherited)",
					"@executable_path/Frameworks",
				);
				MARKETING_VERSION = 1.0;
				PRODUCT_BUNDLE_IDENTIFIER = com.Lazzat.ToDoList;
				PRODUCT_NAME = "$(TARGET_NAME)";
				SUPPORTED_PLATFORMS = "iphoneos iphonesimulator";
				SUPPORTS_MACCATALYST = NO;
				SUPPORTS_MAC_DESIGNED_FOR_IPHONE_IPAD = NO;
				SWIFT_EMIT_LOC_STRINGS = YES;
				SWIFT_VERSION = 5.0;
				TARGETED_DEVICE_FAMILY = "1,2";
			};
			name = Release;
		};
		1D89B56B2A7251A8008E0701 /* Debug */ = {
			isa = XCBuildConfiguration;
			buildSettings = {
				ALWAYS_EMBED_SWIFT_STANDARD_LIBRARIES = YES;
				BUNDLE_LOADER = "$(TEST_HOST)";
				CODE_SIGN_STYLE = Automatic;
				CURRENT_PROJECT_VERSION = 1;
				GENERATE_INFOPLIST_FILE = YES;
				IPHONEOS_DEPLOYMENT_TARGET = 16.4;
				MARKETING_VERSION = 1.0;
				PRODUCT_BUNDLE_IDENTIFIER = com.Lazzat.ToDoListTests;
				PRODUCT_NAME = "$(TARGET_NAME)";
				SWIFT_EMIT_LOC_STRINGS = NO;
				SWIFT_VERSION = 5.0;
				TARGETED_DEVICE_FAMILY = "1,2";
				TEST_HOST = "$(BUILT_PRODUCTS_DIR)/ToDoList.app/$(BUNDLE_EXECUTABLE_FOLDER_PATH)/ToDoList";
			};
			name = Debug;
		};
		1D89B56C2A7251A8008E0701 /* Release */ = {
			isa = XCBuildConfiguration;
			buildSettings = {
				ALWAYS_EMBED_SWIFT_STANDARD_LIBRARIES = YES;
				BUNDLE_LOADER = "$(TEST_HOST)";
				CODE_SIGN_STYLE = Automatic;
				CURRENT_PROJECT_VERSION = 1;
				GENERATE_INFOPLIST_FILE = YES;
				IPHONEOS_DEPLOYMENT_TARGET = 16.4;
				MARKETING_VERSION = 1.0;
				PRODUCT_BUNDLE_IDENTIFIER = com.Lazzat.ToDoListTests;
				PRODUCT_NAME = "$(TARGET_NAME)";
				SWIFT_EMIT_LOC_STRINGS = NO;
				SWIFT_VERSION = 5.0;
				TARGETED_DEVICE_FAMILY = "1,2";
				TEST_HOST = "$(BUILT_PRODUCTS_DIR)/ToDoList.app/$(BUNDLE_EXECUTABLE_FOLDER_PATH)/ToDoList";
			};
			name = Release;
		};
		1D89B56E2A7251A8008E0701 /* Debug */ = {
			isa = XCBuildConfiguration;
			buildSettings = {
				ALWAYS_EMBED_SWIFT_STANDARD_LIBRARIES = YES;
				CODE_SIGN_STYLE = Automatic;
				CURRENT_PROJECT_VERSION = 1;
				GENERATE_INFOPLIST_FILE = YES;
				MARKETING_VERSION = 1.0;
				PRODUCT_BUNDLE_IDENTIFIER = com.Lazzat.ToDoListUITests;
				PRODUCT_NAME = "$(TARGET_NAME)";
				SWIFT_EMIT_LOC_STRINGS = NO;
				SWIFT_VERSION = 5.0;
				TARGETED_DEVICE_FAMILY = "1,2";
				TEST_TARGET_NAME = ToDoList;
			};
			name = Debug;
		};
		1D89B56F2A7251A8008E0701 /* Release */ = {
			isa = XCBuildConfiguration;
			buildSettings = {
				ALWAYS_EMBED_SWIFT_STANDARD_LIBRARIES = YES;
				CODE_SIGN_STYLE = Automatic;
				CURRENT_PROJECT_VERSION = 1;
				GENERATE_INFOPLIST_FILE = YES;
				MARKETING_VERSION = 1.0;
				PRODUCT_BUNDLE_IDENTIFIER = com.Lazzat.ToDoListUITests;
				PRODUCT_NAME = "$(TARGET_NAME)";
				SWIFT_EMIT_LOC_STRINGS = NO;
				SWIFT_VERSION = 5.0;
				TARGETED_DEVICE_FAMILY = "1,2";
				TEST_TARGET_NAME = ToDoList;
			};
			name = Release;
		};
/* End XCBuildConfiguration section */

/* Begin XCConfigurationList section */
		1D89B5382A7251A6008E0701 /* Build configuration list for PBXProject "ToDoList" */ = {
			isa = XCConfigurationList;
			buildConfigurations = (
				1D89B5652A7251A8008E0701 /* Debug */,
				1D89B5662A7251A8008E0701 /* Release */,
			);
			defaultConfigurationIsVisible = 0;
			defaultConfigurationName = Release;
		};
		1D89B5672A7251A8008E0701 /* Build configuration list for PBXNativeTarget "ToDoList" */ = {
			isa = XCConfigurationList;
			buildConfigurations = (
				1D89B5682A7251A8008E0701 /* Debug */,
				1D89B5692A7251A8008E0701 /* Release */,
			);
			defaultConfigurationIsVisible = 0;
			defaultConfigurationName = Release;
		};
		1D89B56A2A7251A8008E0701 /* Build configuration list for PBXNativeTarget "ToDoListTests" */ = {
			isa = XCConfigurationList;
			buildConfigurations = (
				1D89B56B2A7251A8008E0701 /* Debug */,
				1D89B56C2A7251A8008E0701 /* Release */,
			);
			defaultConfigurationIsVisible = 0;
			defaultConfigurationName = Release;
		};
		1D89B56D2A7251A8008E0701 /* Build configuration list for PBXNativeTarget "ToDoListUITests" */ = {
			isa = XCConfigurationList;
			buildConfigurations = (
				1D89B56E2A7251A8008E0701 /* Debug */,
				1D89B56F2A7251A8008E0701 /* Release */,
			);
			defaultConfigurationIsVisible = 0;
			defaultConfigurationName = Release;
		};
/* End XCConfigurationList section */
	};
	rootObject = 1D89B5352A7251A6008E0701 /* Project object */;
}
